
Microsoft Visual Studio Solution File, Format Version 12.00
# Visual Studio 15
VisualStudioVersion = 15.0.28307.168
MinimumVisualStudioVersion = 10.0.40219.1
Project("{FAE04EC0-301F-11D3-BF4B-00C04F79EFBC}") = "AdoContextUtility", "AdoContextUtility\AdoContextUtility.csproj", "{5F3A261E-2AB2-4788-8A11-FA0438659E6D}"
EndProject
Global
	GlobalSection(SolutionConfigurationPlatforms) = preSolution
		Debug|Any CPU = Debug|Any CPU
		Release|Any CPU = Release|Any CPU
	EndGlobalSection
	GlobalSection(ProjectConfigurationPlatforms) = postSolution
		{5F3A261E-2AB2-4788-8A11-FA0438659E6D}.Debug|Any CPU.ActiveCfg = Debug|Any CPU
		{5F3A261E-2AB2-4788-8A11-FA0438659E6D}.Debug|Any CPU.Build.0 = Debug|Any CPU
		{5F3A261E-2AB2-4788-8A11-FA0438659E6D}.Release|Any CPU.ActiveCfg = Release|Any CPU
		{5F3A261E-2AB2-4788-8A11-FA0438659E6D}.Release|Any CPU.Build.0 = Release|Any CPU
	EndGlobalSection
	GlobalSection(SolutionProperties) = preSolution
		HideSolutionNode = FALSE
	EndGlobalSection
	GlobalSection(ExtensibilityGlobals) = postSolution
		SolutionGuid = {527FB16E-9CC7-4048-8116-CAA9DEDAFFA8}
	EndGlobalSection
EndGlobal
